
Microsoft Visual Studio Solution File, Format Version 12.00
# Visual Studio Version 17
VisualStudioVersion = 17.4.33103.184
MinimumVisualStudioVersion = 10.0.40219.1
Project("{FAE04EC0-301F-11D3-BF4B-00C04F79EFBC}") = "CreateAndHostEndpoint", "CreateAndHostEndpoint\CreateAndHostEndpoint.csproj", "{737F0D43-474F-4E47-8ABB-90744AC46A1E}"
EndProject
Global
	GlobalSection(SolutionConfigurationPlatforms) = preSolution
		Debug|Any CPU = Debug|Any CPU
		Release|Any CPU = Release|Any CPU
	EndGlobalSection
	GlobalSection(ProjectConfigurationPlatforms) = postSolution
		{737F0D43-474F-4E47-8ABB-90744AC46A1E}.Debug|Any CPU.ActiveCfg = Debug|Any CPU
		{737F0D43-474F-4E47-8ABB-90744AC46A1E}.Debug|Any CPU.Build.0 = Debug|Any CPU
		{737F0D43-474F-4E47-8ABB-90744AC46A1E}.Release|Any CPU.ActiveCfg = Release|Any CPU
		{737F0D43-474F-4E47-8ABB-90744AC46A1E}.Release|Any CPU.Build.0 = Release|Any CPU
	EndGlobalSection
	GlobalSection(SolutionProperties) = preSolution
		HideSolutionNode = FALSE
	EndGlobalSection
	GlobalSection(ExtensibilityGlobals) = postSolution
		SolutionGuid = {783388A8-2888-4CD1-BD3D-D2CC3A1885E0}
	EndGlobalSection
EndGlobal
